// !$*UTF8*$!
{
	archiveVersion = 1;
	classes = {
	};
	objectVersion = 46;
	objects = {

/* Begin PBXBuildFile section */
		CE3390661A3916800099C479 /* Foundation.framework in Frameworks */ = {isa = PBXBuildFile; fileRef = CE3390651A3916800099C479 /* Foundation.framework */; };
		CE3390681A3916800099C479 /* CoreGraphics.framework in Frameworks */ = {isa = PBXBuildFile; fileRef = CE3390671A3916800099C479 /* CoreGraphics.framework */; };
		CE33906A1A3916800099C479 /* UIKit.framework in Frameworks */ = {isa = PBXBuildFile; fileRef = CE3390691A3916800099C479 /* UIKit.framework */; };
		CE3390701A3916800099C479 /* InfoPlist.strings in Resources */ = {isa = PBXBuildFile; fileRef = CE33906E1A3916800099C479 /* InfoPlist.strings */; };
		CE3390721A3916800099C479 /* main.m in Sources */ = {isa = PBXBuildFile; fileRef = CE3390711A3916800099C479 /* main.m */; };
		CE3390761A3916800099C479 /* NODAppDelegate.m in Sources */ = {isa = PBXBuildFile; fileRef = CE3390751A3916800099C479 /* NODAppDelegate.m */; };
		CE33907C1A3916800099C479 /* NODViewController.m in Sources */ = {isa = PBXBuildFile; fileRef = CE33907B1A3916800099C479 /* NODViewController.m */; };
		CE33907E1A3916800099C479 /* Images.xcassets in Resources */ = {isa = PBXBuildFile; fileRef = CE33907D1A3916800099C479 /* Images.xcassets */; };
		CE3390851A3916800099C479 /* XCTest.framework in Frameworks */ = {isa = PBXBuildFile; fileRef = CE3390841A3916800099C479 /* XCTest.framework */; };
		CE3390861A3916800099C479 /* Foundation.framework in Frameworks */ = {isa = PBXBuildFile; fileRef = CE3390651A3916800099C479 /* Foundation.framework */; };
		CE3390871A3916800099C479 /* UIKit.framework in Frameworks */ = {isa = PBXBuildFile; fileRef = CE3390691A3916800099C479 /* UIKit.framework */; };
		CE33908F1A3916800099C479 /* InfoPlist.strings in Resources */ = {isa = PBXBuildFile; fileRef = CE33908D1A3916800099C479 /* InfoPlist.strings */; };
		CE3390911A3916800099C479 /* radioNODTests.m in Sources */ = {isa = PBXBuildFile; fileRef = CE3390901A3916800099C479 /* radioNODTests.m */; };
		CE33909B1A39195D0099C479 /* AVFoundation.framework in Frameworks */ = {isa = PBXBuildFile; fileRef = CE33909A1A39195D0099C479 /* AVFoundation.framework */; };
		CE47C2E91A65753A0046CBE7 /* NODParser.m in Sources */ = {isa = PBXBuildFile; fileRef = CE47C2E81A65753A0046CBE7 /* NODParser.m */; };
		CE47C2EC1A6576350046CBE7 /* NODParseList.m in Sources */ = {isa = PBXBuildFile; fileRef = CE47C2EB1A6576350046CBE7 /* NODParseList.m */; };
		CE47C2F51A659FB40046CBE7 /* NODRSSViewController.m in Sources */ = {isa = PBXBuildFile; fileRef = CE47C2F41A659FB40046CBE7 /* NODRSSViewController.m */; };
		CE47C2F81A666DBF0046CBE7 /* NODRSSDetailViewController.m in Sources */ = {isa = PBXBuildFile; fileRef = CE47C2F71A666DBF0046CBE7 /* NODRSSDetailViewController.m */; };
		CE47C61C1A686EC70046CBE7 /* NODJSONParser.m in Sources */ = {isa = PBXBuildFile; fileRef = CE47C61B1A686EC70046CBE7 /* NODJSONParser.m */; };
		CE47C61F1A7187750046CBE7 /* NODScrollViewController.m in Sources */ = {isa = PBXBuildFile; fileRef = CE47C61E1A7187740046CBE7 /* NODScrollViewController.m */; };
		CE48B7C11A42D32C00A2DD30 /* home_btn_about.png in Resources */ = {isa = PBXBuildFile; fileRef = CE48B7BD1A42D32C00A2DD30 /* home_btn_about.png */; };
		CE48B7C21A42D32C00A2DD30 /* home_btn_after_show.png in Resources */ = {isa = PBXBuildFile; fileRef = CE48B7BE1A42D32C00A2DD30 /* home_btn_after_show.png */; };
		CE48B7C31A42D32C00A2DD30 /* home_btn_live.png in Resources */ = {isa = PBXBuildFile; fileRef = CE48B7BF1A42D32C00A2DD30 /* home_btn_live.png */; };
		CE48B7C41A42D32C00A2DD30 /* home_btn_main_show.png in Resources */ = {isa = PBXBuildFile; fileRef = CE48B7C01A42D32C00A2DD30 /* home_btn_main_show.png */; };
		CE48B7C71A43A50100A2DD30 /* NODNewsController.m in Sources */ = {isa = PBXBuildFile; fileRef = CE48B7C61A43A50100A2DD30 /* NODNewsController.m */; };
		CE49E93E1A82BCF8009ACFF3 /* Main.storyboard in Resources */ = {isa = PBXBuildFile; fileRef = CE49E93C1A82BCF8009ACFF3 /* Main.storyboard */; };
		CE49E9421A82E260009ACFF3 /* Xnb8SJmCIzY.jpg in Resources */ = {isa = PBXBuildFile; fileRef = CE49E93F1A82E260009ACFF3 /* Xnb8SJmCIzY.jpg */; };
		CE49E9431A82E260009ACFF3 /* zaQ3JPlAIm4.jpg in Resources */ = {isa = PBXBuildFile; fileRef = CE49E9401A82E260009ACFF3 /* zaQ3JPlAIm4.jpg */; };
		CE49E9441A82E260009ACFF3 /* zZ6tCLej3fE.jpg in Resources */ = {isa = PBXBuildFile; fileRef = CE49E9411A82E260009ACFF3 /* zZ6tCLej3fE.jpg */; };
		CE49E94C1A82E29F009ACFF3 /* AMEYN31wj5k.jpg in Resources */ = {isa = PBXBuildFile; fileRef = CE49E9451A82E29F009ACFF3 /* AMEYN31wj5k.jpg */; };
		CE49E94D1A82E29F009ACFF3 /* dIM1pMQpb3Y.jpg in Resources */ = {isa = PBXBuildFile; fileRef = CE49E9461A82E29F009ACFF3 /* dIM1pMQpb3Y.jpg */; };
		CE49E94E1A82E29F009ACFF3 /* EMRQr5M-a1w.jpg in Resources */ = {isa = PBXBuildFile; fileRef = CE49E9471A82E29F009ACFF3 /* EMRQr5M-a1w.jpg */; };
		CE49E94F1A82E29F009ACFF3 /* iHg-Ypbkdd4.jpg in Resources */ = {isa = PBXBuildFile; fileRef = CE49E9481A82E29F009ACFF3 /* iHg-Ypbkdd4.jpg */; };
		CE49E9501A82E29F009ACFF3 /* K7ej-Rh65jc.jpg in Resources */ = {isa = PBXBuildFile; fileRef = CE49E9491A82E29F009ACFF3 /* K7ej-Rh65jc.jpg */; };
		CE49E9511A82E29F009ACFF3 /* lL0PsUvQEHA.jpg in Resources */ = {isa = PBXBuildFile; fileRef = CE49E94A1A82E29F009ACFF3 /* lL0PsUvQEHA.jpg */; };
		CE49E9521A82E29F009ACFF3 /* Se027iLFq4s.jpg in Resources */ = {isa = PBXBuildFile; fileRef = CE49E94B1A82E29F009ACFF3 /* Se027iLFq4s.jpg */; };
		CE5BED611A3F462400C58BC1 /* forward.png in Resources */ = {isa = PBXBuildFile; fileRef = CE5BED591A3F462400C58BC1 /* forward.png */; };
		CE5BED621A3F462400C58BC1 /* pause.png in Resources */ = {isa = PBXBuildFile; fileRef = CE5BED5A1A3F462400C58BC1 /* pause.png */; };
		CE5BED631A3F462400C58BC1 /* play.png in Resources */ = {isa = PBXBuildFile; fileRef = CE5BED5B1A3F462400C58BC1 /* play.png */; };
		CE5BED641A3F462400C58BC1 /* rewind.png in Resources */ = {isa = PBXBuildFile; fileRef = CE5BED5C1A3F462400C58BC1 /* rewind.png */; };
		CE5BED651A3F462400C58BC1 /* sound_meter_background.png in Resources */ = {isa = PBXBuildFile; fileRef = CE5BED5D1A3F462400C58BC1 /* sound_meter_background.png */; };
		CE5BED661A3F462400C58BC1 /* sound_meter_glare.png in Resources */ = {isa = PBXBuildFile; fileRef = CE5BED5E1A3F462400C58BC1 /* sound_meter_glare.png */; };
		CE5BED671A3F462400C58BC1 /* volume_down.png in Resources */ = {isa = PBXBuildFile; fileRef = CE5BED5F1A3F462400C58BC1 /* volume_down.png */; };
		CE5BED681A3F462400C58BC1 /* volume_up.png in Resources */ = {isa = PBXBuildFile; fileRef = CE5BED601A3F462400C58BC1 /* volume_up.png */; };
/* End PBXBuildFile section */

/* Begin PBXContainerItemProxy section */
		CE3390881A3916800099C479 /* PBXContainerItemProxy */ = {
			isa = PBXContainerItemProxy;
			containerPortal = CE33905A1A3916800099C479 /* Project object */;
			proxyType = 1;
			remoteGlobalIDString = CE3390611A3916800099C479;
			remoteInfo = radioNOD;
		};
/* End PBXContainerItemProxy section */

/* Begin PBXFileReference section */
		CE3390621A3916800099C479 /* radioNOD.app */ = {isa = PBXFileReference; explicitFileType = wrapper.application; includeInIndex = 0; path = radioNOD.app; sourceTree = BUILT_PRODUCTS_DIR; };
		CE3390651A3916800099C479 /* Foundation.framework */ = {isa = PBXFileReference; lastKnownFileType = wrapper.framework; name = Foundation.framework; path = System/Library/Frameworks/Foundation.framework; sourceTree = SDKROOT; };
		CE3390671A3916800099C479 /* CoreGraphics.framework */ = {isa = PBXFileReference; lastKnownFileType = wrapper.framework; name = CoreGraphics.framework; path = System/Library/Frameworks/CoreGraphics.framework; sourceTree = SDKROOT; };
		CE3390691A3916800099C479 /* UIKit.framework */ = {isa = PBXFileReference; lastKnownFileType = wrapper.framework; name = UIKit.framework; path = System/Library/Frameworks/UIKit.framework; sourceTree = SDKROOT; };
		CE33906D1A3916800099C479 /* radioNOD-Info.plist */ = {isa = PBXFileReference; lastKnownFileType = text.plist.xml; path = "radioNOD-Info.plist"; sourceTree = "<group>"; };
		CE33906F1A3916800099C479 /* en */ = {isa = PBXFileReference; lastKnownFileType = text.plist.strings; name = en; path = en.lproj/InfoPlist.strings; sourceTree = "<group>"; };
		CE3390711A3916800099C479 /* main.m */ = {isa = PBXFileReference; lastKnownFileType = sourcecode.c.objc; path = main.m; sourceTree = "<group>"; };
		CE3390731A3916800099C479 /* radioNOD-Prefix.pch */ = {isa = PBXFileReference; lastKnownFileType = sourcecode.c.h; path = "radioNOD-Prefix.pch"; sourceTree = "<group>"; };
		CE3390741A3916800099C479 /* NODAppDelegate.h */ = {isa = PBXFileReference; lastKnownFileType = sourcecode.c.h; path = NODAppDelegate.h; sourceTree = "<group>"; };
		CE3390751A3916800099C479 /* NODAppDelegate.m */ = {isa = PBXFileReference; lastKnownFileType = sourcecode.c.objc; path = NODAppDelegate.m; sourceTree = "<group>"; };
		CE33907A1A3916800099C479 /* NODViewController.h */ = {isa = PBXFileReference; lastKnownFileType = sourcecode.c.h; path = NODViewController.h; sourceTree = "<group>"; };
		CE33907B1A3916800099C479 /* NODViewController.m */ = {isa = PBXFileReference; lastKnownFileType = sourcecode.c.objc; path = NODViewController.m; sourceTree = "<group>"; };
		CE33907D1A3916800099C479 /* Images.xcassets */ = {isa = PBXFileReference; lastKnownFileType = folder.assetcatalog; path = Images.xcassets; sourceTree = "<group>"; };
		CE3390831A3916800099C479 /* radioNODTests.xctest */ = {isa = PBXFileReference; explicitFileType = wrapper.cfbundle; includeInIndex = 0; path = radioNODTests.xctest; sourceTree = BUILT_PRODUCTS_DIR; };
		CE3390841A3916800099C479 /* XCTest.framework */ = {isa = PBXFileReference; lastKnownFileType = wrapper.framework; name = XCTest.framework; path = Library/Frameworks/XCTest.framework; sourceTree = DEVELOPER_DIR; };
		CE33908C1A3916800099C479 /* radioNODTests-Info.plist */ = {isa = PBXFileReference; lastKnownFileType = text.plist.xml; path = "radioNODTests-Info.plist"; sourceTree = "<group>"; };
		CE33908E1A3916800099C479 /* en */ = {isa = PBXFileReference; lastKnownFileType = text.plist.strings; name = en; path = en.lproj/InfoPlist.strings; sourceTree = "<group>"; };
		CE3390901A3916800099C479 /* radioNODTests.m */ = {isa = PBXFileReference; lastKnownFileType = sourcecode.c.objc; path = radioNODTests.m; sourceTree = "<group>"; };
		CE33909A1A39195D0099C479 /* AVFoundation.framework */ = {isa = PBXFileReference; lastKnownFileType = wrapper.framework; name = AVFoundation.framework; path = System/Library/Frameworks/AVFoundation.framework; sourceTree = SDKROOT; };
		CE47C2E71A65753A0046CBE7 /* NODParser.h */ = {isa = PBXFileReference; fileEncoding = 4; lastKnownFileType = sourcecode.c.h; path = NODParser.h; sourceTree = "<group>"; };
		CE47C2E81A65753A0046CBE7 /* NODParser.m */ = {isa = PBXFileReference; fileEncoding = 4; lastKnownFileType = sourcecode.c.objc; path = NODParser.m; sourceTree = "<group>"; };
		CE47C2EA1A6576350046CBE7 /* NODParseList.h */ = {isa = PBXFileReference; fileEncoding = 4; lastKnownFileType = sourcecode.c.h; path = NODParseList.h; sourceTree = "<group>"; };
		CE47C2EB1A6576350046CBE7 /* NODParseList.m */ = {isa = PBXFileReference; fileEncoding = 4; lastKnownFileType = sourcecode.c.objc; path = NODParseList.m; sourceTree = "<group>"; };
		CE47C2F31A659FB40046CBE7 /* NODRSSViewController.h */ = {isa = PBXFileReference; fileEncoding = 4; lastKnownFileType = sourcecode.c.h; path = NODRSSViewController.h; sourceTree = "<group>"; };
		CE47C2F41A659FB40046CBE7 /* NODRSSViewController.m */ = {isa = PBXFileReference; fileEncoding = 4; lastKnownFileType = sourcecode.c.objc; path = NODRSSViewController.m; sourceTree = "<group>"; };
		CE47C2F61A666DBF0046CBE7 /* NODRSSDetailViewController.h */ = {isa = PBXFileReference; fileEncoding = 4; lastKnownFileType = sourcecode.c.h; path = NODRSSDetailViewController.h; sourceTree = "<group>"; };
		CE47C2F71A666DBF0046CBE7 /* NODRSSDetailViewController.m */ = {isa = PBXFileReference; fileEncoding = 4; lastKnownFileType = sourcecode.c.objc; path = NODRSSDetailViewController.m; sourceTree = "<group>"; };
		CE47C61A1A686EC70046CBE7 /* NODJSONParser.h */ = {isa = PBXFileReference; fileEncoding = 4; lastKnownFileType = sourcecode.c.h; path = NODJSONParser.h; sourceTree = "<group>"; };
		CE47C61B1A686EC70046CBE7 /* NODJSONParser.m */ = {isa = PBXFileReference; fileEncoding = 4; lastKnownFileType = sourcecode.c.objc; path = NODJSONParser.m; sourceTree = "<group>"; };
		CE47C61D1A7187740046CBE7 /* NODScrollViewController.h */ = {isa = PBXFileReference; fileEncoding = 4; lastKnownFileType = sourcecode.c.h; path = NODScrollViewController.h; sourceTree = "<group>"; };
		CE47C61E1A7187740046CBE7 /* NODScrollViewController.m */ = {isa = PBXFileReference; fileEncoding = 4; lastKnownFileType = sourcecode.c.objc; path = NODScrollViewController.m; sourceTree = "<group>"; };
		CE48B7BD1A42D32C00A2DD30 /* home_btn_about.png */ = {isa = PBXFileReference; lastKnownFileType = image.png; name = home_btn_about.png; path = images/home_btn_about.png; sourceTree = SOURCE_ROOT; };
		CE48B7BE1A42D32C00A2DD30 /* home_btn_after_show.png */ = {isa = PBXFileReference; lastKnownFileType = image.png; name = home_btn_after_show.png; path = images/home_btn_after_show.png; sourceTree = SOURCE_ROOT; };
		CE48B7BF1A42D32C00A2DD30 /* home_btn_live.png */ = {isa = PBXFileReference; lastKnownFileType = image.png; name = home_btn_live.png; path = images/home_btn_live.png; sourceTree = SOURCE_ROOT; };
		CE48B7C01A42D32C00A2DD30 /* home_btn_main_show.png */ = {isa = PBXFileReference; lastKnownFileType = image.png; name = home_btn_main_show.png; path = images/home_btn_main_show.png; sourceTree = SOURCE_ROOT; };
		CE48B7C51A43A50100A2DD30 /* NODNewsController.h */ = {isa = PBXFileReference; fileEncoding = 4; lastKnownFileType = sourcecode.c.h; path = NODNewsController.h; sourceTree = "<group>"; };
		CE48B7C61A43A50100A2DD30 /* NODNewsController.m */ = {isa = PBXFileReference; fileEncoding = 4; lastKnownFileType = sourcecode.c.objc; path = NODNewsController.m; sourceTree = "<group>"; };
		CE49E93D1A82BCF8009ACFF3 /* en */ = {isa = PBXFileReference; lastKnownFileType = file.storyboard; name = en; path = radioNOD/en.lproj/Main.storyboard; sourceTree = "<group>"; };
		CE49E93F1A82E260009ACFF3 /* Xnb8SJmCIzY.jpg */ = {isa = PBXFileReference; lastKnownFileType = image.jpeg; path = Xnb8SJmCIzY.jpg; sourceTree = "<group>"; };
		CE49E9401A82E260009ACFF3 /* zaQ3JPlAIm4.jpg */ = {isa = PBXFileReference; lastKnownFileType = image.jpeg; path = zaQ3JPlAIm4.jpg; sourceTree = "<group>"; };
		CE49E9411A82E260009ACFF3 /* zZ6tCLej3fE.jpg */ = {isa = PBXFileReference; lastKnownFileType = image.jpeg; path = zZ6tCLej3fE.jpg; sourceTree = "<group>"; };
		CE49E9451A82E29F009ACFF3 /* AMEYN31wj5k.jpg */ = {isa = PBXFileReference; lastKnownFileType = image.jpeg; path = AMEYN31wj5k.jpg; sourceTree = "<group>"; };
		CE49E9461A82E29F009ACFF3 /* dIM1pMQpb3Y.jpg */ = {isa = PBXFileReference; lastKnownFileType = image.jpeg; path = dIM1pMQpb3Y.jpg; sourceTree = "<group>"; };
		CE49E9471A82E29F009ACFF3 /* EMRQr5M-a1w.jpg */ = {isa = PBXFileReference; lastKnownFileType = image.jpeg; path = "EMRQr5M-a1w.jpg"; sourceTree = "<group>"; };
		CE49E9481A82E29F009ACFF3 /* iHg-Ypbkdd4.jpg */ = {isa = PBXFileReference; lastKnownFileType = image.jpeg; path = "iHg-Ypbkdd4.jpg"; sourceTree = "<group>"; };
		CE49E9491A82E29F009ACFF3 /* K7ej-Rh65jc.jpg */ = {isa = PBXFileReference; lastKnownFileType = image.jpeg; path = "K7ej-Rh65jc.jpg"; sourceTree = "<group>"; };
		CE49E94A1A82E29F009ACFF3 /* lL0PsUvQEHA.jpg */ = {isa = PBXFileReference; lastKnownFileType = image.jpeg; path = lL0PsUvQEHA.jpg; sourceTree = "<group>"; };
		CE49E94B1A82E29F009ACFF3 /* Se027iLFq4s.jpg */ = {isa = PBXFileReference; lastKnownFileType = image.jpeg; path = Se027iLFq4s.jpg; sourceTree = "<group>"; };
		CE5BED591A3F462400C58BC1 /* forward.png */ = {isa = PBXFileReference; lastKnownFileType = image.png; path = forward.png; sourceTree = "<group>"; };
		CE5BED5A1A3F462400C58BC1 /* pause.png */ = {isa = PBXFileReference; lastKnownFileType = image.png; path = pause.png; sourceTree = "<group>"; };
		CE5BED5B1A3F462400C58BC1 /* play.png */ = {isa = PBXFileReference; lastKnownFileType = image.png; path = play.png; sourceTree = "<group>"; };
		CE5BED5C1A3F462400C58BC1 /* rewind.png */ = {isa = PBXFileReference; lastKnownFileType = image.png; path = rewind.png; sourceTree = "<group>"; };
		CE5BED5D1A3F462400C58BC1 /* sound_meter_background.png */ = {isa = PBXFileReference; lastKnownFileType = image.png; path = sound_meter_background.png; sourceTree = "<group>"; };
		CE5BED5E1A3F462400C58BC1 /* sound_meter_glare.png */ = {isa = PBXFileReference; lastKnownFileType = image.png; path = sound_meter_glare.png; sourceTree = "<group>"; };
		CE5BED5F1A3F462400C58BC1 /* volume_down.png */ = {isa = PBXFileReference; lastKnownFileType = image.png; path = volume_down.png; sourceTree = "<group>"; };
		CE5BED601A3F462400C58BC1 /* volume_up.png */ = {isa = PBXFileReference; lastKnownFileType = image.png; path = volume_up.png; sourceTree = "<group>"; };
/* End PBXFileReference section */

/* Begin PBXFrameworksBuildPhase section */
		CE33905F1A3916800099C479 /* Frameworks */ = {
			isa = PBXFrameworksBuildPhase;
			buildActionMask = 2147483647;
			files = (
				CE33909B1A39195D0099C479 /* AVFoundation.framework in Frameworks */,
				CE3390681A3916800099C479 /* CoreGraphics.framework in Frameworks */,
				CE33906A1A3916800099C479 /* UIKit.framework in Frameworks */,
				CE3390661A3916800099C479 /* Foundation.framework in Frameworks */,
			);
			runOnlyForDeploymentPostprocessing = 0;
		};
		CE3390801A3916800099C479 /* Frameworks */ = {
			isa = PBXFrameworksBuildPhase;
			buildActionMask = 2147483647;
			files = (
				CE3390851A3916800099C479 /* XCTest.framework in Frameworks */,
				CE3390871A3916800099C479 /* UIKit.framework in Frameworks */,
				CE3390861A3916800099C479 /* Foundation.framework in Frameworks */,
			);
			runOnlyForDeploymentPostprocessing = 0;
		};
/* End PBXFrameworksBuildPhase section */

/* Begin PBXGroup section */
		CE3390591A3916800099C479 = {
			isa = PBXGroup;
			children = (
				CE49E93C1A82BCF8009ACFF3 /* Main.storyboard */,
				CE33906B1A3916800099C479 /* radioNOD */,
				CE33908A1A3916800099C479 /* radioNODTests */,
				CE3390641A3916800099C479 /* Frameworks */,
				CE3390631A3916800099C479 /* Products */,
			);
			sourceTree = "<group>";
		};
		CE3390631A3916800099C479 /* Products */ = {
			isa = PBXGroup;
			children = (
				CE3390621A3916800099C479 /* radioNOD.app */,
				CE3390831A3916800099C479 /* radioNODTests.xctest */,
			);
			name = Products;
			sourceTree = "<group>";
		};
		CE3390641A3916800099C479 /* Frameworks */ = {
			isa = PBXGroup;
			children = (
				CE33909A1A39195D0099C479 /* AVFoundation.framework */,
				CE3390651A3916800099C479 /* Foundation.framework */,
				CE3390671A3916800099C479 /* CoreGraphics.framework */,
				CE3390691A3916800099C479 /* UIKit.framework */,
				CE3390841A3916800099C479 /* XCTest.framework */,
			);
			name = Frameworks;
			sourceTree = "<group>";
		};
		CE33906B1A3916800099C479 /* radioNOD */ = {
			isa = PBXGroup;
			children = (
				CE3390741A3916800099C479 /* NODAppDelegate.h */,
				CE3390751A3916800099C479 /* NODAppDelegate.m */,
				CE47C61D1A7187740046CBE7 /* NODScrollViewController.h */,
				CE47C61E1A7187740046CBE7 /* NODScrollViewController.m */,
				CE47C2F61A666DBF0046CBE7 /* NODRSSDetailViewController.h */,
				CE47C2F71A666DBF0046CBE7 /* NODRSSDetailViewController.m */,
				CE47C2E71A65753A0046CBE7 /* NODParser.h */,
				CE47C2E81A65753A0046CBE7 /* NODParser.m */,
				CE47C61A1A686EC70046CBE7 /* NODJSONParser.h */,
				CE47C61B1A686EC70046CBE7 /* NODJSONParser.m */,
				CE47C2EA1A6576350046CBE7 /* NODParseList.h */,
				CE47C2EB1A6576350046CBE7 /* NODParseList.m */,
				CE47C2F31A659FB40046CBE7 /* NODRSSViewController.h */,
				CE47C2F41A659FB40046CBE7 /* NODRSSViewController.m */,
				CE48B7C51A43A50100A2DD30 /* NODNewsController.h */,
				CE48B7C61A43A50100A2DD30 /* NODNewsController.m */,
				CE33907A1A3916800099C479 /* NODViewController.h */,
				CE33907B1A3916800099C479 /* NODViewController.m */,
				CE33907D1A3916800099C479 /* Images.xcassets */,
				CE5BED581A3F462400C58BC1 /* images */,
				CE33906C1A3916800099C479 /* Supporting Files */,
			);
			path = radioNOD;
			sourceTree = "<group>";
		};
		CE33906C1A3916800099C479 /* Supporting Files */ = {
			isa = PBXGroup;
			children = (
				CE33906D1A3916800099C479 /* radioNOD-Info.plist */,
				CE33906E1A3916800099C479 /* InfoPlist.strings */,
				CE3390711A3916800099C479 /* main.m */,
				CE3390731A3916800099C479 /* radioNOD-Prefix.pch */,
			);
			name = "Supporting Files";
			sourceTree = "<group>";
		};
		CE33908A1A3916800099C479 /* radioNODTests */ = {
			isa = PBXGroup;
			children = (
				CE3390901A3916800099C479 /* radioNODTests.m */,
				CE33908B1A3916800099C479 /* Supporting Files */,
			);
			path = radioNODTests;
			sourceTree = "<group>";
		};
		CE33908B1A3916800099C479 /* Supporting Files */ = {
			isa = PBXGroup;
			children = (
				CE33908C1A3916800099C479 /* radioNODTests-Info.plist */,
				CE33908D1A3916800099C479 /* InfoPlist.strings */,
			);
			name = "Supporting Files";
			sourceTree = "<group>";
		};
		CE5BED581A3F462400C58BC1 /* images */ = {
			isa = PBXGroup;
			children = (
				CE49E9451A82E29F009ACFF3 /* AMEYN31wj5k.jpg */,
				CE49E9461A82E29F009ACFF3 /* dIM1pMQpb3Y.jpg */,
				CE49E9471A82E29F009ACFF3 /* EMRQr5M-a1w.jpg */,
				CE49E9481A82E29F009ACFF3 /* iHg-Ypbkdd4.jpg */,
				CE49E9491A82E29F009ACFF3 /* K7ej-Rh65jc.jpg */,
				CE49E94A1A82E29F009ACFF3 /* lL0PsUvQEHA.jpg */,
				CE49E94B1A82E29F009ACFF3 /* Se027iLFq4s.jpg */,
				CE49E93F1A82E260009ACFF3 /* Xnb8SJmCIzY.jpg */,
				CE49E9401A82E260009ACFF3 /* zaQ3JPlAIm4.jpg */,
				CE49E9411A82E260009ACFF3 /* zZ6tCLej3fE.jpg */,
				CE48B7BD1A42D32C00A2DD30 /* home_btn_about.png */,
				CE48B7BE1A42D32C00A2DD30 /* home_btn_after_show.png */,
				CE48B7BF1A42D32C00A2DD30 /* home_btn_live.png */,
				CE48B7C01A42D32C00A2DD30 /* home_btn_main_show.png */,
				CE5BED591A3F462400C58BC1 /* forward.png */,
				CE5BED5A1A3F462400C58BC1 /* pause.png */,
				CE5BED5B1A3F462400C58BC1 /* play.png */,
				CE5BED5C1A3F462400C58BC1 /* rewind.png */,
				CE5BED5D1A3F462400C58BC1 /* sound_meter_background.png */,
				CE5BED5E1A3F462400C58BC1 /* sound_meter_glare.png */,
				CE5BED5F1A3F462400C58BC1 /* volume_down.png */,
				CE5BED601A3F462400C58BC1 /* volume_up.png */,
			);
			path = images;
			sourceTree = SOURCE_ROOT;
		};
/* End PBXGroup section */

/* Begin PBXNativeTarget section */
		CE3390611A3916800099C479 /* radioNOD */ = {
			isa = PBXNativeTarget;
			buildConfigurationList = CE3390941A3916800099C479 /* Build configuration list for PBXNativeTarget "radioNOD" */;
			buildPhases = (
				CE33905E1A3916800099C479 /* Sources */,
				CE33905F1A3916800099C479 /* Frameworks */,
				CE3390601A3916800099C479 /* Resources */,
			);
			buildRules = (
			);
			dependencies = (
			);
			name = radioNOD;
			productName = radioNOD;
			productReference = CE3390621A3916800099C479 /* radioNOD.app */;
			productType = "com.apple.product-type.application";
		};
		CE3390821A3916800099C479 /* radioNODTests */ = {
			isa = PBXNativeTarget;
			buildConfigurationList = CE3390971A3916800099C479 /* Build configuration list for PBXNativeTarget "radioNODTests" */;
			buildPhases = (
				CE33907F1A3916800099C479 /* Sources */,
				CE3390801A3916800099C479 /* Frameworks */,
				CE3390811A3916800099C479 /* Resources */,
			);
			buildRules = (
			);
			dependencies = (
				CE3390891A3916800099C479 /* PBXTargetDependency */,
			);
			name = radioNODTests;
			productName = radioNODTests;
			productReference = CE3390831A3916800099C479 /* radioNODTests.xctest */;
			productType = "com.apple.product-type.bundle.unit-test";
		};
/* End PBXNativeTarget section */

/* Begin PBXProject section */
		CE33905A1A3916800099C479 /* Project object */ = {
			isa = PBXProject;
			attributes = {
				CLASSPREFIX = NOD;
				LastUpgradeCheck = 0510;
				ORGANIZATIONNAME = "zhurbenko inc.";
				TargetAttributes = {
					CE3390821A3916800099C479 = {
						TestTargetID = CE3390611A3916800099C479;
					};
				};
			};
			buildConfigurationList = CE33905D1A3916800099C479 /* Build configuration list for PBXProject "radioNOD" */;
			compatibilityVersion = "Xcode 3.2";
			developmentRegion = English;
			hasScannedForEncodings = 0;
			knownRegions = (
				en,
				Base,
			);
			mainGroup = CE3390591A3916800099C479;
			productRefGroup = CE3390631A3916800099C479 /* Products */;
			projectDirPath = "";
			projectRoot = "";
			targets = (
				CE3390611A3916800099C479 /* radioNOD */,
				CE3390821A3916800099C479 /* radioNODTests */,
			);
		};
/* End PBXProject section */

/* Begin PBXResourcesBuildPhase section */
		CE3390601A3916800099C479 /* Resources */ = {
			isa = PBXResourcesBuildPhase;
			buildActionMask = 2147483647;
			files = (
				CE49E94C1A82E29F009ACFF3 /* AMEYN31wj5k.jpg in Resources */,
				CE33907E1A3916800099C479 /* Images.xcassets in Resources */,
				CE5BED651A3F462400C58BC1 /* sound_meter_background.png in Resources */,
				CE3390701A3916800099C479 /* InfoPlist.strings in Resources */,
				CE5BED671A3F462400C58BC1 /* volume_down.png in Resources */,
				CE5BED641A3F462400C58BC1 /* rewind.png in Resources */,
				CE48B7C31A42D32C00A2DD30 /* home_btn_live.png in Resources */,
				CE49E93E1A82BCF8009ACFF3 /* Main.storyboard in Resources */,
				CE49E9421A82E260009ACFF3 /* Xnb8SJmCIzY.jpg in Resources */,
				CE49E9441A82E260009ACFF3 /* zZ6tCLej3fE.jpg in Resources */,
				CE5BED661A3F462400C58BC1 /* sound_meter_glare.png in Resources */,
				CE49E9511A82E29F009ACFF3 /* lL0PsUvQEHA.jpg in Resources */,
				CE5BED621A3F462400C58BC1 /* pause.png in Resources */,
				CE49E9501A82E29F009ACFF3 /* K7ej-Rh65jc.jpg in Resources */,
				CE48B7C21A42D32C00A2DD30 /* home_btn_after_show.png in Resources */,
				CE49E94D1A82E29F009ACFF3 /* dIM1pMQpb3Y.jpg in Resources */,
				CE5BED611A3F462400C58BC1 /* forward.png in Resources */,
				CE49E94F1A82E29F009ACFF3 /* iHg-Ypbkdd4.jpg in Resources */,
				CE49E9431A82E260009ACFF3 /* zaQ3JPlAIm4.jpg in Resources */,
				CE49E94E1A82E29F009ACFF3 /* EMRQr5M-a1w.jpg in Resources */,
				CE5BED681A3F462400C58BC1 /* volume_up.png in Resources */,
				CE49E9521A82E29F009ACFF3 /* Se027iLFq4s.jpg in Resources */,
				CE5BED631A3F462400C58BC1 /* play.png in Resources */,
				CE48B7C41A42D32C00A2DD30 /* home_btn_main_show.png in Resources */,
				CE48B7C11A42D32C00A2DD30 /* home_btn_about.png in Resources */,
			);
			runOnlyForDeploymentPostprocessing = 0;
		};
		CE3390811A3916800099C479 /* Resources */ = {
			isa = PBXResourcesBuildPhase;
			buildActionMask = 2147483647;
			files = (
				CE33908F1A3916800099C479 /* InfoPlist.strings in Resources */,
			);
			runOnlyForDeploymentPostprocessing = 0;
		};
/* End PBXResourcesBuildPhase section */

/* Begin PBXSourcesBuildPhase section */
		CE33905E1A3916800099C479 /* Sources */ = {
			isa = PBXSourcesBuildPhase;
			buildActionMask = 2147483647;
			files = (
				CE48B7C71A43A50100A2DD30 /* NODNewsController.m in Sources */,
				CE47C2F51A659FB40046CBE7 /* NODRSSViewController.m in Sources */,
				CE47C2F81A666DBF0046CBE7 /* NODRSSDetailViewController.m in Sources */,
				CE47C61C1A686EC70046CBE7 /* NODJSONParser.m in Sources */,
				CE3390761A3916800099C479 /* NODAppDelegate.m in Sources */,
				CE33907C1A3916800099C479 /* NODViewController.m in Sources */,
				CE47C2EC1A6576350046CBE7 /* NODParseList.m in Sources */,
				CE47C61F1A7187750046CBE7 /* NODScrollViewController.m in Sources */,
				CE47C2E91A65753A0046CBE7 /* NODParser.m in Sources */,
				CE3390721A3916800099C479 /* main.m in Sources */,
			);
			runOnlyForDeploymentPostprocessing = 0;
		};
		CE33907F1A3916800099C479 /* Sources */ = {
			isa = PBXSourcesBuildPhase;
			buildActionMask = 2147483647;
			files = (
				CE3390911A3916800099C479 /* radioNODTests.m in Sources */,
			);
			runOnlyForDeploymentPostprocessing = 0;
		};
/* End PBXSourcesBuildPhase section */

/* Begin PBXTargetDependency section */
		CE3390891A3916800099C479 /* PBXTargetDependency */ = {
			isa = PBXTargetDependency;
			target = CE3390611A3916800099C479 /* radioNOD */;
			targetProxy = CE3390881A3916800099C479 /* PBXContainerItemProxy */;
		};
/* End PBXTargetDependency section */

/* Begin PBXVariantGroup section */
		CE33906E1A3916800099C479 /* InfoPlist.strings */ = {
			isa = PBXVariantGroup;
			children = (
				CE33906F1A3916800099C479 /* en */,
			);
			name = InfoPlist.strings;
			sourceTree = "<group>";
		};
		CE33908D1A3916800099C479 /* InfoPlist.strings */ = {
			isa = PBXVariantGroup;
			children = (
				CE33908E1A3916800099C479 /* en */,
			);
			name = InfoPlist.strings;
			sourceTree = "<group>";
		};
		CE49E93C1A82BCF8009ACFF3 /* Main.storyboard */ = {
			isa = PBXVariantGroup;
			children = (
				CE49E93D1A82BCF8009ACFF3 /* en */,
			);
			name = Main.storyboard;
			sourceTree = "<group>";
		};
/* End PBXVariantGroup section */

/* Begin XCBuildConfiguration section */
		CE3390921A3916800099C479 /* Debug */ = {
			isa = XCBuildConfiguration;
			buildSettings = {
				ALWAYS_SEARCH_USER_PATHS = NO;
				CLANG_CXX_LANGUAGE_STANDARD = "gnu++0x";
				CLANG_CXX_LIBRARY = "libc++";
				CLANG_ENABLE_MODULES = YES;
				CLANG_ENABLE_OBJC_ARC = YES;
				CLANG_WARN_BOOL_CONVERSION = YES;
				CLANG_WARN_CONSTANT_CONVERSION = YES;
				CLANG_WARN_DIRECT_OBJC_ISA_USAGE = YES_ERROR;
				CLANG_WARN_EMPTY_BODY = YES;
				CLANG_WARN_ENUM_CONVERSION = YES;
				CLANG_WARN_INT_CONVERSION = YES;
				CLANG_WARN_OBJC_ROOT_CLASS = YES_ERROR;
				CLANG_WARN__DUPLICATE_METHOD_MATCH = YES;
				"CODE_SIGN_IDENTITY[sdk=iphoneos*]" = "iPhone Developer";
				COPY_PHASE_STRIP = NO;
				GCC_C_LANGUAGE_STANDARD = gnu99;
				GCC_DYNAMIC_NO_PIC = NO;
				GCC_OPTIMIZATION_LEVEL = 0;
				GCC_PREPROCESSOR_DEFINITIONS = (
					"DEBUG=1",
					"$(inherited)",
				);
				GCC_SYMBOLS_PRIVATE_EXTERN = NO;
				GCC_WARN_64_TO_32_BIT_CONVERSION = YES;
				GCC_WARN_ABOUT_RETURN_TYPE = YES_ERROR;
				GCC_WARN_UNDECLARED_SELECTOR = YES;
				GCC_WARN_UNINITIALIZED_AUTOS = YES_AGGRESSIVE;
				GCC_WARN_UNUSED_FUNCTION = YES;
				GCC_WARN_UNUSED_VARIABLE = YES;
				IPHONEOS_DEPLOYMENT_TARGET = 7.1;
				ONLY_ACTIVE_ARCH = YES;
				SDKROOT = iphoneos;
			};
			name = Debug;
		};
		CE3390931A3916800099C479 /* Release */ = {
			isa = XCBuildConfiguration;
			buildSettings = {
				ALWAYS_SEARCH_USER_PATHS = NO;
				CLANG_CXX_LANGUAGE_STANDARD = "gnu++0x";
				CLANG_CXX_LIBRARY = "libc++";
				CLANG_ENABLE_MODULES = YES;
				CLANG_ENABLE_OBJC_ARC = YES;
				CLANG_WARN_BOOL_CONVERSION = YES;
				CLANG_WARN_CONSTANT_CONVERSION = YES;
				CLANG_WARN_DIRECT_OBJC_ISA_USAGE = YES_ERROR;
				CLANG_WARN_EMPTY_BODY = YES;
				CLANG_WARN_ENUM_CONVERSION = YES;
				CLANG_WARN_INT_CONVERSION = YES;
				CLANG_WARN_OBJC_ROOT_CLASS = YES_ERROR;
				CLANG_WARN__DUPLICATE_METHOD_MATCH = YES;
				"CODE_SIGN_IDENTITY[sdk=iphoneos*]" = "iPhone Developer";
				COPY_PHASE_STRIP = YES;
				ENABLE_NS_ASSERTIONS = NO;
				GCC_C_LANGUAGE_STANDARD = gnu99;
				GCC_WARN_64_TO_32_BIT_CONVERSION = YES;
				GCC_WARN_ABOUT_RETURN_TYPE = YES_ERROR;
				GCC_WARN_UNDECLARED_SELECTOR = YES;
				GCC_WARN_UNINITIALIZED_AUTOS = YES_AGGRESSIVE;
				GCC_WARN_UNUSED_FUNCTION = YES;
				GCC_WARN_UNUSED_VARIABLE = YES;
				IPHONEOS_DEPLOYMENT_TARGET = 7.1;
				SDKROOT = iphoneos;
				VALIDATE_PRODUCT = YES;
			};
			name = Release;
		};
		CE3390951A3916800099C479 /* Debug */ = {
			isa = XCBuildConfiguration;
			buildSettings = {
				ASSETCATALOG_COMPILER_APPICON_NAME = AppIcon;
				ASSETCATALOG_COMPILER_LAUNCHIMAGE_NAME = LaunchImage;
				CODE_SIGN_IDENTITY = "iPhone Developer";
				GCC_PRECOMPILE_PREFIX_HEADER = YES;
				GCC_PREFIX_HEADER = "radioNOD/radioNOD-Prefix.pch";
				INFOPLIST_FILE = "radioNOD/radioNOD-Info.plist";
				PRODUCT_NAME = "$(TARGET_NAME)";
				WRAPPER_EXTENSION = app;
			};
			name = Debug;
		};
		CE3390961A3916800099C479 /* Release */ = {
			isa = XCBuildConfiguration;
			buildSettings = {
				ASSETCATALOG_COMPILER_APPICON_NAME = AppIcon;
				ASSETCATALOG_COMPILER_LAUNCHIMAGE_NAME = LaunchImage;
				CODE_SIGN_IDENTITY = "iPhone Developer";
				GCC_PRECOMPILE_PREFIX_HEADER = YES;
				GCC_PREFIX_HEADER = "radioNOD/radioNOD-Prefix.pch";
				INFOPLIST_FILE = "radioNOD/radioNOD-Info.plist";
				PRODUCT_NAME = "$(TARGET_NAME)";
				WRAPPER_EXTENSION = app;
			};
			name = Release;
		};
		CE3390981A3916800099C479 /* Debug */ = {
			isa = XCBuildConfiguration;
			buildSettings = {
				BUNDLE_LOADER = "$(BUILT_PRODUCTS_DIR)/radioNOD.app/radioNOD";
				FRAMEWORK_SEARCH_PATHS = (
					"$(SDKROOT)/Developer/Library/Frameworks",
					"$(inherited)",
					"$(DEVELOPER_FRAMEWORKS_DIR)",
				);
				GCC_PRECOMPILE_PREFIX_HEADER = YES;
				GCC_PREFIX_HEADER = "radioNOD/radioNOD-Prefix.pch";
				GCC_PREPROCESSOR_DEFINITIONS = (
					"DEBUG=1",
					"$(inherited)",
				);
				INFOPLIST_FILE = "radioNODTests/radioNODTests-Info.plist";
				PRODUCT_NAME = "$(TARGET_NAME)";
				TEST_HOST = "$(BUNDLE_LOADER)";
				WRAPPER_EXTENSION = xctest;
			};
			name = Debug;
		};
		CE3390991A3916800099C479 /* Release */ = {
			isa = XCBuildConfiguration;
			buildSettings = {
				BUNDLE_LOADER = "$(BUILT_PRODUCTS_DIR)/radioNOD.app/radioNOD";
				FRAMEWORK_SEARCH_PATHS = (
					"$(SDKROOT)/Developer/Library/Frameworks",
					"$(inherited)",
					"$(DEVELOPER_FRAMEWORKS_DIR)",
				);
				GCC_PRECOMPILE_PREFIX_HEADER = YES;
				GCC_PREFIX_HEADER = "radioNOD/radioNOD-Prefix.pch";
				INFOPLIST_FILE = "radioNODTests/radioNODTests-Info.plist";
				PRODUCT_NAME = "$(TARGET_NAME)";
				TEST_HOST = "$(BUNDLE_LOADER)";
				WRAPPER_EXTENSION = xctest;
			};
			name = Release;
		};
/* End XCBuildConfiguration section */

/* Begin XCConfigurationList section */
		CE33905D1A3916800099C479 /* Build configuration list for PBXProject "radioNOD" */ = {
			isa = XCConfigurationList;
			buildConfigurations = (
				CE3390921A3916800099C479 /* Debug */,
				CE3390931A3916800099C479 /* Release */,
			);
			defaultConfigurationIsVisible = 0;
			defaultConfigurationName = Release;
		};
		CE3390941A3916800099C479 /* Build configuration list for PBXNativeTarget "radioNOD" */ = {
			isa = XCConfigurationList;
			buildConfigurations = (
				CE3390951A3916800099C479 /* Debug */,
				CE3390961A3916800099C479 /* Release */,
			);
			defaultConfigurationIsVisible = 0;
			defaultConfigurationName = Release;
		};
		CE3390971A3916800099C479 /* Build configuration list for PBXNativeTarget "radioNODTests" */ = {
			isa = XCConfigurationList;
			buildConfigurations = (
				CE3390981A3916800099C479 /* Debug */,
				CE3390991A3916800099C479 /* Release */,
			);
			defaultConfigurationIsVisible = 0;
			defaultConfigurationName = Release;
		};
/* End XCConfigurationList section */
	};
	rootObject = CE33905A1A3916800099C479 /* Project object */;
}
